github.com/gorilla/mux v1.8.1 h1:TuBL49tXwgrFYWhqrNgrUNEY92u81SPhu7sTdzQEiWY=
github.com/gorilla/mux v1.8.1/go.mod h1:AKf9I4AEqPTmMytcMc0KkNouC66V3BtZ4qD5fmWSiMQ=
github.com/pjotrscholtze/go-bootstrap v0.0.0-20240406110116-da6b32ebb712 h1:INdFV5Kin5alnA6adN/uLF+xdX2OhgfjQApoE+H3nn4=
github.com/pjotrscholtze/go-bootstrap v0.0.0-20240406110116-da6b32ebb712/go.mod h1:mA8CESl54LUtcjz8F0/vyZ00MN5mYyTPoAYjdM+nFd8=
github.com/pjotrscholtze/go-markdown v0.0.0-20240512171918-a59fcf5de2ed h1:Gw7COJo4T4MN2xOkgv4QiiqempvsSJ38PZtGMrypw7Q=
github.com/pjotrscholtze/go-markdown v0.0.0-20240512171918-a59fcf5de2ed/go.mod h1:h6m0TFF3/LGkYk36SHys2EEuWhGPfwpH/mhVYKuDEZU=
github.com/pjotrscholtze/go-markdown v0.0.0-20240514191359-20bd19107d95 h1:W2FSFt3NlgGd034NL3h8uqa7NwxTcyPeUYNSZRWt79Y=
github.com/pjotrscholtze/go-markdown v0.0.0-20240514191359-20bd19107d95/go.mod h1:h6m0TFF3/LGkYk36SHys2EEuWhGPfwpH/mhVYKuDEZU=
github.com/pjotrscholtze/go-markdown v0.0.0-20240514193128-8ac1aa69c9e9 h1:Qj+2obQusizfiNNXyDqqcyLmdrcJzC0gg5akmi6sMt0=
github.com/pjotrscholtze/go-markdown v0.0.0-20240514193128-8ac1aa69c9e9/go.mod h1:h6m0TFF3/LGkYk36SHys2EEuWhGPfwpH/mhVYKuDEZU=
github.com/pjotrscholtze/go-markdown v0.0.0-20240514202517-d690f8e95c9e h1:oNHaLpAcfWTUBdtfEyGU4K7EMsQKIzyZGSQU7gABxeA=
github.com/pjotrscholtze/go-markdown v0.0.0-20240514202517-d690f8e95c9e/go.mod h1:h6m0TFF3/LGkYk36SHys2EEuWhGPfwpH/mhVYKuDEZU=
github.com/pjotrscholtze/go-markdown v0.0.0-20240514202908-f17f89346ff5 h1:Co/KDpA3Cw2loMiLRcgKWtiYhXQayN4bBILRewPe+e8=
github.com/pjotrscholtze/go-markdown v0.0.0-20240514202908-f17f89346ff5/go.mod h1:h6m0TFF3/LGkYk36SHys2EEuWhGPfwpH/mhVYKuDEZU=
github.com/pjotrscholtze/go-markdown v0.0.0-20240514204443-655d528d2a16 h1:qXqAXnRYoqUISx+l9AuLYyMAAGRNHitlO6ybm035lXY=
github.com/pjotrscholtze/go-markdown v0.0.0-20240514204443-655d528d2a16/go.mod h1:h6m0TFF3/LGkYk36SHys2EEuWhGPfwpH/mhVYKuDEZU=
github.com/pjotrscholtze/go-markdown v0.0.0-20240514214448-cf8db4847fcd h1:UbK4coY9GsNYb/VG6wzkYxm2IjcJ/0LpwiL8CcWqMG0=
github.com/pjotrscholtze/go-markdown v0.0.0-20240514214448-cf8db4847fcd/go.mod h1:h6m0TFF3/LGkYk36SHys2EEuWhGPfwpH/mhVYKuDEZU=
github.com/pjotrscholtze/go-markdown v0.0.0-20240514221038-841402b85bc4 h1:cHQzkqnv4aEPfEIVArzEvY9YetV7xsF5AuU7u8XMKvo=
github.com/pjotrscholtze/go-markdown v0.0.0-20240514221038-841402b85bc4/go.mod h1:h6m0TFF3/LGkYk36SHys2EEuWhGPfwpH/mhVYKuDEZU=
github.com/pjotrscholtze/go-markdown v0.0.0-20240515184923-7ed13cd78c74 h1:eNvT3JK4H+oj/Izsi/0x+1supHpJEEwMtyY0zmmXgI8=
github.com/pjotrscholtze/go-markdown v0.0.0-20240515184923-7ed13cd78c74/go.mod h1:h6m0TFF3/LGkYk36SHys2EEuWhGPfwpH/mhVYKuDEZU=
github.com/pjotrscholtze/go-markdown v0.0.0-20240515191048-6d71ce17567d h1:ceTUZCnSJ1Zs7nGMtn/TruPD5WPGtyIuKOGTtY3zPIk=
github.com/pjotrscholtze/go-markdown v0.0.0-20240515191048-6d71ce17567d/go.mod h1:h6m0TFF3/LGkYk36SHys2EEuWhGPfwpH/mhVYKuDEZU=
github.com/pjotrscholtze/go-markdown v0.0.0-20240515192547-e24de7055940 h1:+cpS1eK1StWogcVn1LgW/CMBAFbaz0TjbtTESJoUYRo=
github.com/pjotrscholtze/go-markdown v0.0.0-20240515192547-e24de7055940/go.mod h1:h6m0TFF3/LGkYk36SHys2EEuWhGPfwpH/mhVYKuDEZU=
github.com/pjotrscholtze/go-markdown v0.0.0-20240515192812-3db3fc5fdac6 h1:1BsWlPZeLB+d95YCIOsedL5vwg1821Uncfzit5OjkYA=
github.com/pjotrscholtze/go-markdown v0.0.0-20240515192812-3db3fc5fdac6/go.mod h1:h6m0TFF3/LGkYk36SHys2EEuWhGPfwpH/mhVYKuDEZU=
github.com/pjotrscholtze/go-markdown v0.0.0-20240515193400-b087df095758 h1:zuTShk3+oCuoytYIFA+tTMkA2MvpkBIl/IXGEflu9r8=
github.com/pjotrscholtze/go-markdown v0.0.0-20240515193400-b087df095758/go.mod h1:h6m0TFF3/LGkYk36SHys2EEuWhGPfwpH/mhVYKuDEZU=
github.com/pjotrscholtze/go-markdown v0.0.0-20240515193608-9726b2bfd9bb h1:qZqdcEp0qYt7ds/K8ZfH4nPnBcdYePc71UCSPNfAgxQ=
github.com/pjotrscholtze/go-markdown v0.0.0-20240515193608-9726b2bfd9bb/go.mod h1:h6m0TFF3/LGkYk36SHys2EEuWhGPfwpH/mhVYKuDEZU=
github.com/pjotrscholtze/go-markdown v0.0.0-20240515194209-7a2bdc8d11d7 h1:SOgJbfUoCzRA3DprAWpEP6a9KIQmGqB2DyjqaRvbslI=
github.com/pjotrscholtze/go-markdown v0.0.0-20240515194209-7a2bdc8d11d7/go.mod h1:h6m0TFF3/LGkYk36SHys2EEuWhGPfwpH/mhVYKuDEZU=
github.com/pjotrscholtze/go-markdown v0.0.0-20240515201016-759e6980aabc h1:fOOgzEuyhgS3JA4WwWtWIaqvO9BH0IjSMVKFJ+DvtGE=
github.com/pjotrscholtze/go-markdown v0.0.0-20240515201016-759e6980aabc/go.mod h1:h6m0TFF3/LGkYk36SHys2EEuWhGPfwpH/mhVYKuDEZU=
github.com/pjotrscholtze/go-markdown v0.0.0-20240515201952-971880ee8d92 h1:0qBmCdZQl8VY6WmNqJVfHp0QJr7+9IprMIQhcu8qMvs=
github.com/pjotrscholtze/go-markdown v0.0.0-20240515201952-971880ee8d92/go.mod h1:h6m0TFF3/LGkYk36SHys2EEuWhGPfwpH/mhVYKuDEZU=
github.com/pjotrscholtze/go-markdown v0.0.0-20240515202208-c600619c3635 h1:gfPfL5Pr+2jx7uiyQwSI/PpCIfIQCB2af9b4JBHqjiY=
github.com/pjotrscholtze/go-markdown v0.0.0-20240515202208-c600619c3635/go.mod h1:h6m0TFF3/LGkYk36SHys2EEuWhGPfwpH/mhVYKuDEZU=
github.com/pjotrscholtze/go-markdown v0.0.0-20240515204358-de10c0bfecde h1:zeRhC6fWZan9GT6xg0hZphV/3JsHRBVzxWfZZpJemMY=
github.com/pjotrscholtze/go-markdown v0.0.0-20240515204358-de10c0bfecde/go.mod h1:h6m0TFF3/LGkYk36SHys2EEuWhGPfwpH/mhVYKuDEZU=
github.com/pjotrscholtze/go-markdown v0.0.0-20240515210548-50eb0e38ec6e h1:o1oRTcFiYUfVCinFohbFsN/JFscqehy5w+RW7zIm+PM=
github.com/pjotrscholtze/go-markdown v0.0.0-20240515210548-50eb0e38ec6e/go.mod h1:h6m0TFF3/LGkYk36SHys2EEuWhGPfwpH/mhVYKuDEZU=
github.com/pjotrscholtze/go-markdown v0.0.0-20240516193704-b17ed1e56fbe h1:+f9BN+7BkZQo6fY/ZM0mXmUyAcVrctFO0976qBS8kFw=
github.com/pjotrscholtze/go-markdown v0.0.0-20240516193704-b17ed1e56fbe/go.mod h1:h6m0TFF3/LGkYk36SHys2EEuWhGPfwpH/mhVYKuDEZU=
github.com/pjotrscholtze/go-markdown v0.0.0-20240517173134-bc33c3d57b5a h1:SNHaEnH9swaQlT5D9hdIf3CnCys4YoojsaQu0IJ1OIs=
github.com/pjotrscholtze/go-markdown v0.0.0-20240517173134-bc33c3d57b5a/go.mod h1:h6m0TFF3/LGkYk36SHys2EEuWhGPfwpH/mhVYKuDEZU=
github.com/pjotrscholtze/go-markdown v0.0.0-20240517173613-5e455f73e240 h1:B9ykC5Gye1s7KQXvyceKb5sp8/H01gEZ7jYwZNT6zbg=
github.com/pjotrscholtze/go-markdown v0.0.0-20240517173613-5e455f73e240/go.mod h1:h6m0TFF3/LGkYk36SHys2EEuWhGPfwpH/mhVYKuDEZU=
github.com/pjotrscholtze/go-markdown v0.0.0-20240517174142-cb4a16e4032c h1:pNYU8NRDig+CFNLY2/SwUIZmKI+emVyOLbMiVotTiuU=
github.com/pjotrscholtze/go-markdown v0.0.0-20240517174142-cb4a16e4032c/go.mod h1:h6m0TFF3/LGkYk36SHys2EEuWhGPfwpH/mhVYKuDEZU=
